
Microsoft Visual Studio Solution File, Format Version 12.00
# Visual Studio Version 17
VisualStudioVersion = 17.4.33213.308
MinimumVisualStudioVersion = 10.0.40219.1
Project("{FAE04EC0-301F-11D3-BF4B-00C04F79EFBC}") = "Csharp-guia6-poo-ejercicio1", "Csharp-guia6-poo-ejercicio1\Csharp-guia6-poo-ejercicio1.csproj", "{D46C0E7C-AB9E-4E3D-B96D-F3B6EBA12E74}"
EndProject
Global
	GlobalSection(SolutionConfigurationPlatforms) = preSolution
		Debug|Any CPU = Debug|Any CPU
		Release|Any CPU = Release|Any CPU
	EndGlobalSection
	GlobalSection(ProjectConfigurationPlatforms) = postSolution
		{D46C0E7C-AB9E-4E3D-B96D-F3B6EBA12E74}.Debug|Any CPU.ActiveCfg = Debug|Any CPU
		{D46C0E7C-AB9E-4E3D-B96D-F3B6EBA12E74}.Debug|Any CPU.Build.0 = Debug|Any CPU
		{D46C0E7C-AB9E-4E3D-B96D-F3B6EBA12E74}.Release|Any CPU.ActiveCfg = Release|Any CPU
		{D46C0E7C-AB9E-4E3D-B96D-F3B6EBA12E74}.Release|Any CPU.Build.0 = Release|Any CPU
	EndGlobalSection
	GlobalSection(SolutionProperties) = preSolution
		HideSolutionNode = FALSE
	EndGlobalSection
	GlobalSection(ExtensibilityGlobals) = postSolution
		SolutionGuid = {28350632-8705-4C2D-8438-F1AA87125CFE}
	EndGlobalSection
EndGlobal
