
Microsoft Visual Studio Solution File, Format Version 12.00
# Visual Studio Version 17
VisualStudioVersion = 17.4.33213.308
MinimumVisualStudioVersion = 10.0.40219.1
Project("{FAE04EC0-301F-11D3-BF4B-00C04F79EFBC}") = "Csharp_guia6_poo_ejercicio5", "Csharp_guia6_poo_ejercicio5\Csharp_guia6_poo_ejercicio5.csproj", "{C13EBE6A-FF23-49AD-A973-5759C637E9AF}"
EndProject
Global
	GlobalSection(SolutionConfigurationPlatforms) = preSolution
		Debug|Any CPU = Debug|Any CPU
		Release|Any CPU = Release|Any CPU
	EndGlobalSection
	GlobalSection(ProjectConfigurationPlatforms) = postSolution
		{C13EBE6A-FF23-49AD-A973-5759C637E9AF}.Debug|Any CPU.ActiveCfg = Debug|Any CPU
		{C13EBE6A-FF23-49AD-A973-5759C637E9AF}.Debug|Any CPU.Build.0 = Debug|Any CPU
		{C13EBE6A-FF23-49AD-A973-5759C637E9AF}.Release|Any CPU.ActiveCfg = Release|Any CPU
		{C13EBE6A-FF23-49AD-A973-5759C637E9AF}.Release|Any CPU.Build.0 = Release|Any CPU
	EndGlobalSection
	GlobalSection(SolutionProperties) = preSolution
		HideSolutionNode = FALSE
	EndGlobalSection
	GlobalSection(ExtensibilityGlobals) = postSolution
		SolutionGuid = {5FB84940-E741-4258-8958-30BD45746A8E}
	EndGlobalSection
EndGlobal
